
Microsoft Visual Studio Solution File, Format Version 12.00
# Visual Studio 2012
Project("{FAE04EC0-301F-11D3-BF4B-00C04F79EFBC}") = "RouterInfo", "RouterInfo\RouterInfo.csproj", "{B98F5F71-2220-46BF-B371-967B7E91BEAB}"
EndProject
Project("{FAE04EC0-301F-11D3-BF4B-00C04F79EFBC}") = "RouterInfo.UITests", "RouterInfo.UITests\RouterInfo.UITests.csproj", "{74DEB318-FC1E-418B-8DA1-46BE4282D147}"
EndProject
Global
	GlobalSection(SolutionConfigurationPlatforms) = preSolution
		Debug|iPhoneSimulator = Debug|iPhoneSimulator
		Release|iPhone = Release|iPhone
		Release|iPhoneSimulator = Release|iPhoneSimulator
		Debug|iPhone = Debug|iPhone
		Debug|Any CPU = Debug|Any CPU
		Release|Any CPU = Release|Any CPU
	EndGlobalSection
	GlobalSection(ProjectConfigurationPlatforms) = postSolution
		{74DEB318-FC1E-418B-8DA1-46BE4282D147}.Debug|Any CPU.ActiveCfg = Debug|Any CPU
		{74DEB318-FC1E-418B-8DA1-46BE4282D147}.Debug|Any CPU.Build.0 = Debug|Any CPU
		{74DEB318-FC1E-418B-8DA1-46BE4282D147}.Debug|iPhone.ActiveCfg = Debug|Any CPU
		{74DEB318-FC1E-418B-8DA1-46BE4282D147}.Debug|iPhone.Build.0 = Debug|Any CPU
		{74DEB318-FC1E-418B-8DA1-46BE4282D147}.Debug|iPhoneSimulator.ActiveCfg = Debug|Any CPU
		{74DEB318-FC1E-418B-8DA1-46BE4282D147}.Debug|iPhoneSimulator.Build.0 = Debug|Any CPU
		{74DEB318-FC1E-418B-8DA1-46BE4282D147}.Release|Any CPU.ActiveCfg = Release|Any CPU
		{74DEB318-FC1E-418B-8DA1-46BE4282D147}.Release|Any CPU.Build.0 = Release|Any CPU
		{74DEB318-FC1E-418B-8DA1-46BE4282D147}.Release|iPhone.ActiveCfg = Release|Any CPU
		{74DEB318-FC1E-418B-8DA1-46BE4282D147}.Release|iPhone.Build.0 = Release|Any CPU
		{74DEB318-FC1E-418B-8DA1-46BE4282D147}.Release|iPhoneSimulator.ActiveCfg = Release|Any CPU
		{74DEB318-FC1E-418B-8DA1-46BE4282D147}.Release|iPhoneSimulator.Build.0 = Release|Any CPU
		{B98F5F71-2220-46BF-B371-967B7E91BEAB}.Debug|Any CPU.ActiveCfg = Debug|iPhoneSimulator
		{B98F5F71-2220-46BF-B371-967B7E91BEAB}.Debug|Any CPU.Build.0 = Debug|iPhoneSimulator
		{B98F5F71-2220-46BF-B371-967B7E91BEAB}.Debug|iPhone.ActiveCfg = Debug|iPhone
		{B98F5F71-2220-46BF-B371-967B7E91BEAB}.Debug|iPhone.Build.0 = Debug|iPhone
		{B98F5F71-2220-46BF-B371-967B7E91BEAB}.Debug|iPhoneSimulator.ActiveCfg = Debug|iPhoneSimulator
		{B98F5F71-2220-46BF-B371-967B7E91BEAB}.Debug|iPhoneSimulator.Build.0 = Debug|iPhoneSimulator
		{B98F5F71-2220-46BF-B371-967B7E91BEAB}.Release|Any CPU.ActiveCfg = Release|iPhone
		{B98F5F71-2220-46BF-B371-967B7E91BEAB}.Release|Any CPU.Build.0 = Release|iPhone
		{B98F5F71-2220-46BF-B371-967B7E91BEAB}.Release|iPhone.ActiveCfg = Release|iPhone
		{B98F5F71-2220-46BF-B371-967B7E91BEAB}.Release|iPhone.Build.0 = Release|iPhone
		{B98F5F71-2220-46BF-B371-967B7E91BEAB}.Release|iPhoneSimulator.ActiveCfg = Release|iPhoneSimulator
		{B98F5F71-2220-46BF-B371-967B7E91BEAB}.Release|iPhoneSimulator.Build.0 = Release|iPhoneSimulator
	EndGlobalSection
EndGlobal
